
Microsoft Visual Studio Solution File, Format Version 12.00
# Visual Studio Version 16
VisualStudioVersion = 16.0.31112.23
MinimumVisualStudioVersion = 10.0.40219.1
Project("{9A19103F-16F7-4668-BE54-9A1E7A4F7556}") = "DynaPrice", "DynaPrice\DynaPrice.csproj", "{F6E66B86-92F5-467C-ADF8-C46EC39E22E6}"
EndProject
Project("{9A19103F-16F7-4668-BE54-9A1E7A4F7556}") = "DynaPriceCore", "DynaPriceCore\DynaPriceCore.csproj", "{94137313-617F-4E46-9A2A-C442914C0D6F}"
EndProject
Project("{FAE04EC0-301F-11D3-BF4B-00C04F79EFBC}") = "DynaPriceCore.Tests", "DynaPriceCore.Tests\DynaPriceCore.Tests.csproj", "{CEC00CA8-0A2C-4AF6-96FE-656AAFB89DDF}"
EndProject
Global
	GlobalSection(SolutionConfigurationPlatforms) = preSolution
		Debug|Any CPU = Debug|Any CPU
		Release|Any CPU = Release|Any CPU
	EndGlobalSection
	GlobalSection(ProjectConfigurationPlatforms) = postSolution
		{F6E66B86-92F5-467C-ADF8-C46EC39E22E6}.Debug|Any CPU.ActiveCfg = Debug|Any CPU
		{F6E66B86-92F5-467C-ADF8-C46EC39E22E6}.Debug|Any CPU.Build.0 = Debug|Any CPU
		{F6E66B86-92F5-467C-ADF8-C46EC39E22E6}.Release|Any CPU.ActiveCfg = Release|Any CPU
		{F6E66B86-92F5-467C-ADF8-C46EC39E22E6}.Release|Any CPU.Build.0 = Release|Any CPU
		{94137313-617F-4E46-9A2A-C442914C0D6F}.Debug|Any CPU.ActiveCfg = Debug|Any CPU
		{94137313-617F-4E46-9A2A-C442914C0D6F}.Debug|Any CPU.Build.0 = Debug|Any CPU
		{94137313-617F-4E46-9A2A-C442914C0D6F}.Release|Any CPU.ActiveCfg = Release|Any CPU
		{94137313-617F-4E46-9A2A-C442914C0D6F}.Release|Any CPU.Build.0 = Release|Any CPU
		{CEC00CA8-0A2C-4AF6-96FE-656AAFB89DDF}.Debug|Any CPU.ActiveCfg = Debug|Any CPU
		{CEC00CA8-0A2C-4AF6-96FE-656AAFB89DDF}.Debug|Any CPU.Build.0 = Debug|Any CPU
		{CEC00CA8-0A2C-4AF6-96FE-656AAFB89DDF}.Release|Any CPU.ActiveCfg = Release|Any CPU
		{CEC00CA8-0A2C-4AF6-96FE-656AAFB89DDF}.Release|Any CPU.Build.0 = Release|Any CPU
	EndGlobalSection
	GlobalSection(SolutionProperties) = preSolution
		HideSolutionNode = FALSE
	EndGlobalSection
	GlobalSection(ExtensibilityGlobals) = postSolution
		SolutionGuid = {EAC6C298-3A08-40F6-A1B9-34ED1C074D05}
	EndGlobalSection
EndGlobal
